// !$*UTF8*$!
{
	archiveVersion = 1;
	classes = {
	};
	objectVersion = 55;
	objects = {

/* Begin PBXBuildFile section */
		0C97732328AA38EC00739C1D /* hasChangesApp.swift in Sources */ = {isa = PBXBuildFile; fileRef = 0C97732228AA38EC00739C1D /* hasChangesApp.swift */; };
		0C97732528AA38EC00739C1D /* ContentView.swift in Sources */ = {isa = PBXBuildFile; fileRef = 0C97732428AA38EC00739C1D /* ContentView.swift */; };
		0C97732728AA38EE00739C1D /* Assets.xcassets in Resources */ = {isa = PBXBuildFile; fileRef = 0C97732628AA38EE00739C1D /* Assets.xcassets */; };
		0C97732A28AA38EE00739C1D /* Preview Assets.xcassets in Resources */ = {isa = PBXBuildFile; fileRef = 0C97732928AA38EE00739C1D /* Preview Assets.xcassets */; };
		0C97733228AA3ACD00739C1D /* Servers.xcdatamodeld in Sources */ = {isa = PBXBuildFile; fileRef = 0C97733028AA3ACD00739C1D /* Servers.xcdatamodeld */; };
		0C97733428AA3B1200739C1D /* DataController.swift in Sources */ = {isa = PBXBuildFile; fileRef = 0C97733328AA3B1200739C1D /* DataController.swift */; };
		0C97733A28AA3FC800739C1D /* AddServerView.swift in Sources */ = {isa = PBXBuildFile; fileRef = 0C97733928AA3FC800739C1D /* AddServerView.swift */; };
		0CEEF2F028AA8640007B0F8B /* ServerRow.swift in Sources */ = {isa = PBXBuildFile; fileRef = 0CEEF2EF28AA8640007B0F8B /* ServerRow.swift */; };
/* End PBXBuildFile section */

/* Begin PBXFileReference section */
		0C97731F28AA38EC00739C1D /* hasChanges.app */ = {isa = PBXFileReference; explicitFileType = wrapper.application; includeInIndex = 0; path = hasChanges.app; sourceTree = BUILT_PRODUCTS_DIR; };
		0C97732228AA38EC00739C1D /* hasChangesApp.swift */ = {isa = PBXFileReference; lastKnownFileType = sourcecode.swift; path = hasChangesApp.swift; sourceTree = "<group>"; };
		0C97732428AA38EC00739C1D /* ContentView.swift */ = {isa = PBXFileReference; lastKnownFileType = sourcecode.swift; path = ContentView.swift; sourceTree = "<group>"; };
		0C97732628AA38EE00739C1D /* Assets.xcassets */ = {isa = PBXFileReference; lastKnownFileType = folder.assetcatalog; path = Assets.xcassets; sourceTree = "<group>"; };
		0C97732928AA38EE00739C1D /* Preview Assets.xcassets */ = {isa = PBXFileReference; lastKnownFileType = folder.assetcatalog; path = "Preview Assets.xcassets"; sourceTree = "<group>"; };
		0C97733128AA3ACD00739C1D /* Servers.xcdatamodel */ = {isa = PBXFileReference; lastKnownFileType = wrapper.xcdatamodel; path = Servers.xcdatamodel; sourceTree = "<group>"; };
		0C97733328AA3B1200739C1D /* DataController.swift */ = {isa = PBXFileReference; lastKnownFileType = sourcecode.swift; path = DataController.swift; sourceTree = "<group>"; };
		0C97733928AA3FC800739C1D /* AddServerView.swift */ = {isa = PBXFileReference; lastKnownFileType = sourcecode.swift; path = AddServerView.swift; sourceTree = "<group>"; };
		0CEEF2EF28AA8640007B0F8B /* ServerRow.swift */ = {isa = PBXFileReference; lastKnownFileType = sourcecode.swift; path = ServerRow.swift; sourceTree = "<group>"; };
/* End PBXFileReference section */

/* Begin PBXFrameworksBuildPhase section */
		0C97731C28AA38EC00739C1D /* Frameworks */ = {
			isa = PBXFrameworksBuildPhase;
			buildActionMask = 2147483647;
			files = (
			);
			runOnlyForDeploymentPostprocessing = 0;
		};
/* End PBXFrameworksBuildPhase section */

/* Begin PBXGroup section */
		0C97731628AA38EC00739C1D = {
			isa = PBXGroup;
			children = (
				0C97732128AA38EC00739C1D /* hasChanges */,
				0C97732028AA38EC00739C1D /* Products */,
			);
			sourceTree = "<group>";
		};
		0C97732028AA38EC00739C1D /* Products */ = {
			isa = PBXGroup;
			children = (
				0C97731F28AA38EC00739C1D /* hasChanges.app */,
			);
			name = Products;
			sourceTree = "<group>";
		};
		0C97732128AA38EC00739C1D /* hasChanges */ = {
			isa = PBXGroup;
			children = (
				0C97732228AA38EC00739C1D /* hasChangesApp.swift */,
				0C97732428AA38EC00739C1D /* ContentView.swift */,
				0CEEF2EF28AA8640007B0F8B /* ServerRow.swift */,
				0C97733928AA3FC800739C1D /* AddServerView.swift */,
				0C97733328AA3B1200739C1D /* DataController.swift */,
				0C97733028AA3ACD00739C1D /* Servers.xcdatamodeld */,
				0C97732628AA38EE00739C1D /* Assets.xcassets */,
				0C97732828AA38EE00739C1D /* Preview Content */,
			);
			path = hasChanges;
			sourceTree = "<group>";
		};
		0C97732828AA38EE00739C1D /* Preview Content */ = {
			isa = PBXGroup;
			children = (
				0C97732928AA38EE00739C1D /* Preview Assets.xcassets */,
			);
			path = "Preview Content";
			sourceTree = "<group>";
		};
/* End PBXGroup section */

/* Begin PBXNativeTarget section */
		0C97731E28AA38EC00739C1D /* hasChanges */ = {
			isa = PBXNativeTarget;
			buildConfigurationList = 0C97732D28AA38EE00739C1D /* Build configuration list for PBXNativeTarget "hasChanges" */;
			buildPhases = (
				0C97731B28AA38EC00739C1D /* Sources */,
				0C97731C28AA38EC00739C1D /* Frameworks */,
				0C97731D28AA38EC00739C1D /* Resources */,
			);
			buildRules = (
			);
			dependencies = (
			);
			name = hasChanges;
			productName = hasChanges;
			productReference = 0C97731F28AA38EC00739C1D /* hasChanges.app */;
			productType = "com.apple.product-type.application";
		};
/* End PBXNativeTarget section */

/* Begin PBXProject section */
		0C97731728AA38EC00739C1D /* Project object */ = {
			isa = PBXProject;
			attributes = {
				BuildIndependentTargetsInParallel = 1;
				LastSwiftUpdateCheck = 1340;
				LastUpgradeCheck = 1340;
				TargetAttributes = {
					0C97731E28AA38EC00739C1D = {
						CreatedOnToolsVersion = 13.4.1;
					};
				};
			};
			buildConfigurationList = 0C97731A28AA38EC00739C1D /* Build configuration list for PBXProject "hasChanges" */;
			compatibilityVersion = "Xcode 13.0";
			developmentRegion = en;
			hasScannedForEncodings = 0;
			knownRegions = (
				en,
				Base,
			);
			mainGroup = 0C97731628AA38EC00739C1D;
			productRefGroup = 0C97732028AA38EC00739C1D /* Products */;
			projectDirPath = "";
			projectRoot = "";
			targets = (
				0C97731E28AA38EC00739C1D /* hasChanges */,
			);
		};
/* End PBXProject section */

/* Begin PBXResourcesBuildPhase section */
		0C97731D28AA38EC00739C1D /* Resources */ = {
			isa = PBXResourcesBuildPhase;
			buildActionMask = 2147483647;
			files = (
				0C97732A28AA38EE00739C1D /* Preview Assets.xcassets in Resources */,
				0C97732728AA38EE00739C1D /* Assets.xcassets in Resources */,
			);
			runOnlyForDeploymentPostprocessing = 0;
		};
/* End PBXResourcesBuildPhase section */

/* Begin PBXSourcesBuildPhase section */
		0C97731B28AA38EC00739C1D /* Sources */ = {
			isa = PBXSourcesBuildPhase;
			buildActionMask = 2147483647;
			files = (
				0C97733228AA3ACD00739C1D /* Servers.xcdatamodeld in Sources */,
				0C97733428AA3B1200739C1D /* DataController.swift in Sources */,
				0C97733A28AA3FC800739C1D /* AddServerView.swift in Sources */,
				0CEEF2F028AA8640007B0F8B /* ServerRow.swift in Sources */,
				0C97732528AA38EC00739C1D /* ContentView.swift in Sources */,
				0C97732328AA38EC00739C1D /* hasChangesApp.swift in Sources */,
			);
			runOnlyForDeploymentPostprocessing = 0;
		};
/* End PBXSourcesBuildPhase section */

/* Begin XCBuildConfiguration section */
		0C97732B28AA38EE00739C1D /* Debug */ = {
			isa = XCBuildConfiguration;
			buildSettings = {
				ALWAYS_SEARCH_USER_PATHS = NO;
				CLANG_ANALYZER_NONNULL = YES;
				CLANG_ANALYZER_NUMBER_OBJECT_CONVERSION = YES_AGGRESSIVE;
				CLANG_CXX_LANGUAGE_STANDARD = "gnu++17";
				CLANG_ENABLE_MODULES = YES;
				CLANG_ENABLE_OBJC_ARC = YES;
				CLANG_ENABLE_OBJC_WEAK = YES;
				CLANG_WARN_BLOCK_CAPTURE_AUTORELEASING = YES;
				CLANG_WARN_BOOL_CONVERSION = YES;
				CLANG_WARN_COMMA = YES;
				CLANG_WARN_CONSTANT_CONVERSION = YES;
				CLANG_WARN_DEPRECATED_OBJC_IMPLEMENTATIONS = YES;
				CLANG_WARN_DIRECT_OBJC_ISA_USAGE = YES_ERROR;
				CLANG_WARN_DOCUMENTATION_COMMENTS = YES;
				CLANG_WARN_EMPTY_BODY = YES;
				CLANG_WARN_ENUM_CONVERSION = YES;
				CLANG_WARN_INFINITE_RECURSION = YES;
				CLANG_WARN_INT_CONVERSION = YES;
				CLANG_WARN_NON_LITERAL_NULL_CONVERSION = YES;
				CLANG_WARN_OBJC_IMPLICIT_RETAIN_SELF = YES;
				CLANG_WARN_OBJC_LITERAL_CONVERSION = YES;
				CLANG_WARN_OBJC_ROOT_CLASS = YES_ERROR;
				CLANG_WARN_QUOTED_INCLUDE_IN_FRAMEWORK_HEADER = YES;
				CLANG_WARN_RANGE_LOOP_ANALYSIS = YES;
				CLANG_WARN_STRICT_PROTOTYPES = YES;
				CLANG_WARN_SUSPICIOUS_MOVE = YES;
				CLANG_WARN_UNGUARDED_AVAILABILITY = YES_AGGRESSIVE;
				CLANG_WARN_UNREACHABLE_CODE = YES;
				CLANG_WARN__DUPLICATE_METHOD_MATCH = YES;
				COPY_PHASE_STRIP = NO;
				DEBUG_INFORMATION_FORMAT = dwarf;
				ENABLE_STRICT_OBJC_MSGSEND = YES;
				ENABLE_TESTABILITY = YES;
				GCC_C_LANGUAGE_STANDARD = gnu11;
				GCC_DYNAMIC_NO_PIC = NO;
				GCC_NO_COMMON_BLOCKS = YES;
				GCC_OPTIMIZATION_LEVEL = 0;
				GCC_PREPROCESSOR_DEFINITIONS = (
					"DEBUG=1",
					"$(inherited)",
				);
				GCC_WARN_64_TO_32_BIT_CONVERSION = YES;
				GCC_WARN_ABOUT_RETURN_TYPE = YES_ERROR;
				GCC_WARN_UNDECLARED_SELECTOR = YES;
				GCC_WARN_UNINITIALIZED_AUTOS = YES_AGGRESSIVE;
				GCC_WARN_UNUSED_FUNCTION = YES;
				GCC_WARN_UNUSED_VARIABLE = YES;
				IPHONEOS_DEPLOYMENT_TARGET = 15.5;
				MTL_ENABLE_DEBUG_INFO = INCLUDE_SOURCE;
				MTL_FAST_MATH = YES;
				ONLY_ACTIVE_ARCH = YES;
				SDKROOT = iphoneos;
				SWIFT_ACTIVE_COMPILATION_CONDITIONS = DEBUG;
				SWIFT_OPTIMIZATION_LEVEL = "-Onone";
			};
			name = Debug;
		};
		0C97732C28AA38EE00739C1D /* Release */ = {
			isa = XCBuildConfiguration;
			buildSettings = {
				ALWAYS_SEARCH_USER_PATHS = NO;
				CLANG_ANALYZER_NONNULL = YES;
				CLANG_ANALYZER_NUMBER_OBJECT_CONVERSION = YES_AGGRESSIVE;
				CLANG_CXX_LANGUAGE_STANDARD = "gnu++17";
				CLANG_ENABLE_MODULES = YES;
				CLANG_ENABLE_OBJC_ARC = YES;
				CLANG_ENABLE_OBJC_WEAK = YES;
				CLANG_WARN_BLOCK_CAPTURE_AUTORELEASING = YES;
				CLANG_WARN_BOOL_CONVERSION = YES;
				CLANG_WARN_COMMA = YES;
				CLANG_WARN_CONSTANT_CONVERSION = YES;
				CLANG_WARN_DEPRECATED_OBJC_IMPLEMENTATIONS = YES;
				CLANG_WARN_DIRECT_OBJC_ISA_USAGE = YES_ERROR;
				CLANG_WARN_DOCUMENTATION_COMMENTS = YES;
				CLANG_WARN_EMPTY_BODY = YES;
				CLANG_WARN_ENUM_CONVERSION = YES;
				CLANG_WARN_INFINITE_RECURSION = YES;
				CLANG_WARN_INT_CONVERSION = YES;
				CLANG_WARN_NON_LITERAL_NULL_CONVERSION = YES;
				CLANG_WARN_OBJC_IMPLICIT_RETAIN_SELF = YES;
				CLANG_WARN_OBJC_LITERAL_CONVERSION = YES;
				CLANG_WARN_OBJC_ROOT_CLASS = YES_ERROR;
				CLANG_WARN_QUOTED_INCLUDE_IN_FRAMEWORK_HEADER = YES;
				CLANG_WARN_RANGE_LOOP_ANALYSIS = YES;
				CLANG_WARN_STRICT_PROTOTYPES = YES;
				CLANG_WARN_SUSPICIOUS_MOVE = YES;
				CLANG_WARN_UNGUARDED_AVAILABILITY = YES_AGGRESSIVE;
				CLANG_WARN_UNREACHABLE_CODE = YES;
				CLANG_WARN__DUPLICATE_METHOD_MATCH = YES;
				COPY_PHASE_STRIP = NO;
				DEBUG_INFORMATION_FORMAT = "dwarf-with-dsym";
				ENABLE_NS_ASSERTIONS = NO;
				ENABLE_STRICT_OBJC_MSGSEND = YES;
				GCC_C_LANGUAGE_STANDARD = gnu11;
				GCC_NO_COMMON_BLOCKS = YES;
				GCC_WARN_64_TO_32_BIT_CONVERSION = YES;
				GCC_WARN_ABOUT_RETURN_TYPE = YES_ERROR;
				GCC_WARN_UNDECLARED_SELECTOR = YES;
				GCC_WARN_UNINITIALIZED_AUTOS = YES_AGGRESSIVE;
				GCC_WARN_UNUSED_FUNCTION = YES;
				GCC_WARN_UNUSED_VARIABLE = YES;
				IPHONEOS_DEPLOYMENT_TARGET = 15.5;
				MTL_ENABLE_DEBUG_INFO = NO;
				MTL_FAST_MATH = YES;
				SDKROOT = iphoneos;
				SWIFT_COMPILATION_MODE = wholemodule;
				SWIFT_OPTIMIZATION_LEVEL = "-O";
				VALIDATE_PRODUCT = YES;
			};
			name = Release;
		};
		0C97732E28AA38EE00739C1D /* Debug */ = {
			isa = XCBuildConfiguration;
			buildSettings = {
				ASSETCATALOG_COMPILER_APPICON_NAME = AppIcon;
				ASSETCATALOG_COMPILER_GLOBAL_ACCENT_COLOR_NAME = AccentColor;
				CODE_SIGN_STYLE = Automatic;
				CURRENT_PROJECT_VERSION = 1;
				DEVELOPMENT_ASSET_PATHS = "\"hasChanges/Preview Content\"";
				DEVELOPMENT_TEAM = G9674M6UNS;
				ENABLE_PREVIEWS = YES;
				GENERATE_INFOPLIST_FILE = YES;
				INFOPLIST_KEY_UIApplicationSceneManifest_Generation = YES;
				INFOPLIST_KEY_UIApplicationSupportsIndirectInputEvents = YES;
				INFOPLIST_KEY_UILaunchScreen_Generation = YES;
				INFOPLIST_KEY_UISupportedInterfaceOrientations_iPad = "UIInterfaceOrientationPortrait UIInterfaceOrientationPortraitUpsideDown UIInterfaceOrientationLandscapeLeft UIInterfaceOrientationLandscapeRight";
				INFOPLIST_KEY_UISupportedInterfaceOrientations_iPhone = "UIInterfaceOrientationPortrait UIInterfaceOrientationLandscapeLeft UIInterfaceOrientationLandscapeRight";
				LD_RUNPATH_SEARCH_PATHS = (
					"$(inherited)",
					"@executable_path/Frameworks",
				);
				MARKETING_VERSION = 1.0;
				PRODUCT_BUNDLE_IDENTIFIER = evolventum.hasChanges;
				PRODUCT_NAME = "$(TARGET_NAME)";
				SWIFT_EMIT_LOC_STRINGS = YES;
				SWIFT_VERSION = 5.0;
				TARGETED_DEVICE_FAMILY = "1,2";
			};
			name = Debug;
		};
		0C97732F28AA38EE00739C1D /* Release */ = {
			isa = XCBuildConfiguration;
			buildSettings = {
				ASSETCATALOG_COMPILER_APPICON_NAME = AppIcon;
				ASSETCATALOG_COMPILER_GLOBAL_ACCENT_COLOR_NAME = AccentColor;
				CODE_SIGN_STYLE = Automatic;
				CURRENT_PROJECT_VERSION = 1;
				DEVELOPMENT_ASSET_PATHS = "\"hasChanges/Preview Content\"";
				DEVELOPMENT_TEAM = G9674M6UNS;
				ENABLE_PREVIEWS = YES;
				GENERATE_INFOPLIST_FILE = YES;
				INFOPLIST_KEY_UIApplicationSceneManifest_Generation = YES;
				INFOPLIST_KEY_UIApplicationSupportsIndirectInputEvents = YES;
				INFOPLIST_KEY_UILaunchScreen_Generation = YES;
				INFOPLIST_KEY_UISupportedInterfaceOrientations_iPad = "UIInterfaceOrientationPortrait UIInterfaceOrientationPortraitUpsideDown UIInterfaceOrientationLandscapeLeft UIInterfaceOrientationLandscapeRight";
				INFOPLIST_KEY_UISupportedInterfaceOrientations_iPhone = "UIInterfaceOrientationPortrait UIInterfaceOrientationLandscapeLeft UIInterfaceOrientationLandscapeRight";
				LD_RUNPATH_SEARCH_PATHS = (
					"$(inherited)",
					"@executable_path/Frameworks",
				);
				MARKETING_VERSION = 1.0;
				PRODUCT_BUNDLE_IDENTIFIER = evolventum.hasChanges;
				PRODUCT_NAME = "$(TARGET_NAME)";
				SWIFT_EMIT_LOC_STRINGS = YES;
				SWIFT_VERSION = 5.0;
				TARGETED_DEVICE_FAMILY = "1,2";
			};
			name = Release;
		};
/* End XCBuildConfiguration section */

/* Begin XCConfigurationList section */
		0C97731A28AA38EC00739C1D /* Build configuration list for PBXProject "hasChanges" */ = {
			isa = XCConfigurationList;
			buildConfigurations = (
				0C97732B28AA38EE00739C1D /* Debug */,
				0C97732C28AA38EE00739C1D /* Release */,
			);
			defaultConfigurationIsVisible = 0;
			defaultConfigurationName = Release;
		};
		0C97732D28AA38EE00739C1D /* Build configuration list for PBXNativeTarget "hasChanges" */ = {
			isa = XCConfigurationList;
			buildConfigurations = (
				0C97732E28AA38EE00739C1D /* Debug */,
				0C97732F28AA38EE00739C1D /* Release */,
			);
			defaultConfigurationIsVisible = 0;
			defaultConfigurationName = Release;
		};
/* End XCConfigurationList section */

/* Begin XCVersionGroup section */
		0C97733028AA3ACD00739C1D /* Servers.xcdatamodeld */ = {
			isa = XCVersionGroup;
			children = (
				0C97733128AA3ACD00739C1D /* Servers.xcdatamodel */,
			);
			currentVersion = 0C97733128AA3ACD00739C1D /* Servers.xcdatamodel */;
			path = Servers.xcdatamodeld;
			sourceTree = "<group>";
			versionGroupType = wrapper.xcdatamodel;
		};
/* End XCVersionGroup section */
	};
	rootObject = 0C97731728AA38EC00739C1D /* Project object */;
}
